
Microsoft Visual Studio Solution File, Format Version 12.00
# Visual Studio Version 17
VisualStudioVersion = 17.1.32328.378
MinimumVisualStudioVersion = 10.0.40219.1
Project("{9A19103F-16F7-4668-BE54-9A1E7A4F7556}") = "ClasseGeneration", "ClasseGeneration\ClasseGeneration.csproj", "{50F57C93-F4A2-4B32-9238-907BE9DC55BD}"
EndProject
Project("{9A19103F-16F7-4668-BE54-9A1E7A4F7556}") = "LiveCoding", "..\LiveCoding\LiveCoding\LiveCoding.csproj", "{8F43394E-9755-442B-B86F-D650D7B24E54}"
EndProject
Global
	GlobalSection(SolutionConfigurationPlatforms) = preSolution
		Debug|Any CPU = Debug|Any CPU
		Release|Any CPU = Release|Any CPU
	EndGlobalSection
	GlobalSection(ProjectConfigurationPlatforms) = postSolution
		{50F57C93-F4A2-4B32-9238-907BE9DC55BD}.Debug|Any CPU.ActiveCfg = Debug|Any CPU
		{50F57C93-F4A2-4B32-9238-907BE9DC55BD}.Debug|Any CPU.Build.0 = Debug|Any CPU
		{50F57C93-F4A2-4B32-9238-907BE9DC55BD}.Release|Any CPU.ActiveCfg = Release|Any CPU
		{50F57C93-F4A2-4B32-9238-907BE9DC55BD}.Release|Any CPU.Build.0 = Release|Any CPU
		{8F43394E-9755-442B-B86F-D650D7B24E54}.Debug|Any CPU.ActiveCfg = Debug|Any CPU
		{8F43394E-9755-442B-B86F-D650D7B24E54}.Debug|Any CPU.Build.0 = Debug|Any CPU
		{8F43394E-9755-442B-B86F-D650D7B24E54}.Release|Any CPU.ActiveCfg = Release|Any CPU
		{8F43394E-9755-442B-B86F-D650D7B24E54}.Release|Any CPU.Build.0 = Release|Any CPU
	EndGlobalSection
	GlobalSection(SolutionProperties) = preSolution
		HideSolutionNode = FALSE
	EndGlobalSection
	GlobalSection(ExtensibilityGlobals) = postSolution
		SolutionGuid = {CC3CE37E-154A-4098-B1DD-F670EA130403}
	EndGlobalSection
EndGlobal
